// !$*UTF8*$!
{
	archiveVersion = 1;
	classes = {
	};
	objectVersion = 46;
	objects = {

/* Begin PBXBuildFile section */
		9260E22F1C79BD16001A4003 /* AppDelegate.swift in Sources */ = {isa = PBXBuildFile; fileRef = 9260E22E1C79BD16001A4003 /* AppDelegate.swift */; };
		9260E2311C79BD16001A4003 /* ViewController.swift in Sources */ = {isa = PBXBuildFile; fileRef = 9260E2301C79BD16001A4003 /* ViewController.swift */; };
		9260E2341C79BD16001A4003 /* Main.storyboard in Resources */ = {isa = PBXBuildFile; fileRef = 9260E2321C79BD16001A4003 /* Main.storyboard */; };
		9260E2361C79BD16001A4003 /* Assets.xcassets in Resources */ = {isa = PBXBuildFile; fileRef = 9260E2351C79BD16001A4003 /* Assets.xcassets */; };
		9260E2391C79BD16001A4003 /* LaunchScreen.storyboard in Resources */ = {isa = PBXBuildFile; fileRef = 9260E2371C79BD16001A4003 /* LaunchScreen.storyboard */; };
		9260E2441C79BD16001A4003 /* L02_TouchIDTests.swift in Sources */ = {isa = PBXBuildFile; fileRef = 9260E2431C79BD16001A4003 /* L02_TouchIDTests.swift */; };
		9260E24F1C79BD17001A4003 /* L02_TouchIDUITests.swift in Sources */ = {isa = PBXBuildFile; fileRef = 9260E24E1C79BD17001A4003 /* L02_TouchIDUITests.swift */; };
/* End PBXBuildFile section */

/* Begin PBXContainerItemProxy section */
		9260E2401C79BD16001A4003 /* PBXContainerItemProxy */ = {
			isa = PBXContainerItemProxy;
			containerPortal = 9260E2231C79BD16001A4003 /* Project object */;
			proxyType = 1;
			remoteGlobalIDString = 9260E22A1C79BD16001A4003;
			remoteInfo = L02_TouchID;
		};
		9260E24B1C79BD17001A4003 /* PBXContainerItemProxy */ = {
			isa = PBXContainerItemProxy;
			containerPortal = 9260E2231C79BD16001A4003 /* Project object */;
			proxyType = 1;
			remoteGlobalIDString = 9260E22A1C79BD16001A4003;
			remoteInfo = L02_TouchID;
		};
/* End PBXContainerItemProxy section */

/* Begin PBXFileReference section */
		9260E22B1C79BD16001A4003 /* L02_TouchID.app */ = {isa = PBXFileReference; explicitFileType = wrapper.application; includeInIndex = 0; path = L02_TouchID.app; sourceTree = BUILT_PRODUCTS_DIR; };
		9260E22E1C79BD16001A4003 /* AppDelegate.swift */ = {isa = PBXFileReference; lastKnownFileType = sourcecode.swift; path = AppDelegate.swift; sourceTree = "<group>"; };
		9260E2301C79BD16001A4003 /* ViewController.swift */ = {isa = PBXFileReference; lastKnownFileType = sourcecode.swift; path = ViewController.swift; sourceTree = "<group>"; };
		9260E2331C79BD16001A4003 /* Base */ = {isa = PBXFileReference; lastKnownFileType = file.storyboard; name = Base; path = Base.lproj/Main.storyboard; sourceTree = "<group>"; };
		9260E2351C79BD16001A4003 /* Assets.xcassets */ = {isa = PBXFileReference; lastKnownFileType = folder.assetcatalog; path = Assets.xcassets; sourceTree = "<group>"; };
		9260E2381C79BD16001A4003 /* Base */ = {isa = PBXFileReference; lastKnownFileType = file.storyboard; name = Base; path = Base.lproj/LaunchScreen.storyboard; sourceTree = "<group>"; };
		9260E23A1C79BD16001A4003 /* Info.plist */ = {isa = PBXFileReference; lastKnownFileType = text.plist.xml; path = Info.plist; sourceTree = "<group>"; };
		9260E23F1C79BD16001A4003 /* L02_TouchIDTests.xctest */ = {isa = PBXFileReference; explicitFileType = wrapper.cfbundle; includeInIndex = 0; path = L02_TouchIDTests.xctest; sourceTree = BUILT_PRODUCTS_DIR; };
		9260E2431C79BD16001A4003 /* L02_TouchIDTests.swift */ = {isa = PBXFileReference; lastKnownFileType = sourcecode.swift; path = L02_TouchIDTests.swift; sourceTree = "<group>"; };
		9260E2451C79BD16001A4003 /* Info.plist */ = {isa = PBXFileReference; lastKnownFileType = text.plist.xml; path = Info.plist; sourceTree = "<group>"; };
		9260E24A1C79BD17001A4003 /* L02_TouchIDUITests.xctest */ = {isa = PBXFileReference; explicitFileType = wrapper.cfbundle; includeInIndex = 0; path = L02_TouchIDUITests.xctest; sourceTree = BUILT_PRODUCTS_DIR; };
		9260E24E1C79BD17001A4003 /* L02_TouchIDUITests.swift */ = {isa = PBXFileReference; lastKnownFileType = sourcecode.swift; path = L02_TouchIDUITests.swift; sourceTree = "<group>"; };
		9260E2501C79BD17001A4003 /* Info.plist */ = {isa = PBXFileReference; lastKnownFileType = text.plist.xml; path = Info.plist; sourceTree = "<group>"; };
/* End PBXFileReference section */

/* Begin PBXFrameworksBuildPhase section */
		9260E2281C79BD16001A4003 /* Frameworks */ = {
			isa = PBXFrameworksBuildPhase;
			buildActionMask = 2147483647;
			files = (
			);
			runOnlyForDeploymentPostprocessing = 0;
		};
		9260E23C1C79BD16001A4003 /* Frameworks */ = {
			isa = PBXFrameworksBuildPhase;
			buildActionMask = 2147483647;
			files = (
			);
			runOnlyForDeploymentPostprocessing = 0;
		};
		9260E2471C79BD17001A4003 /* Frameworks */ = {
			isa = PBXFrameworksBuildPhase;
			buildActionMask = 2147483647;
			files = (
			);
			runOnlyForDeploymentPostprocessing = 0;
		};
/* End PBXFrameworksBuildPhase section */

/* Begin PBXGroup section */
		9260E2221C79BD16001A4003 = {
			isa = PBXGroup;
			children = (
				9260E22D1C79BD16001A4003 /* L02_TouchID */,
				9260E2421C79BD16001A4003 /* L02_TouchIDTests */,
				9260E24D1C79BD17001A4003 /* L02_TouchIDUITests */,
				9260E22C1C79BD16001A4003 /* Products */,
			);
			sourceTree = "<group>";
		};
		9260E22C1C79BD16001A4003 /* Products */ = {
			isa = PBXGroup;
			children = (
				9260E22B1C79BD16001A4003 /* L02_TouchID.app */,
				9260E23F1C79BD16001A4003 /* L02_TouchIDTests.xctest */,
				9260E24A1C79BD17001A4003 /* L02_TouchIDUITests.xctest */,
			);
			name = Products;
			sourceTree = "<group>";
		};
		9260E22D1C79BD16001A4003 /* L02_TouchID */ = {
			isa = PBXGroup;
			children = (
				9260E22E1C79BD16001A4003 /* AppDelegate.swift */,
				9260E2301C79BD16001A4003 /* ViewController.swift */,
				9260E2321C79BD16001A4003 /* Main.storyboard */,
				9260E2351C79BD16001A4003 /* Assets.xcassets */,
				9260E2371C79BD16001A4003 /* LaunchScreen.storyboard */,
				9260E23A1C79BD16001A4003 /* Info.plist */,
			);
			path = L02_TouchID;
			sourceTree = "<group>";
		};
		9260E2421C79BD16001A4003 /* L02_TouchIDTests */ = {
			isa = PBXGroup;
			children = (
				9260E2431C79BD16001A4003 /* L02_TouchIDTests.swift */,
				9260E2451C79BD16001A4003 /* Info.plist */,
			);
			path = L02_TouchIDTests;
			sourceTree = "<group>";
		};
		9260E24D1C79BD17001A4003 /* L02_TouchIDUITests */ = {
			isa = PBXGroup;
			children = (
				9260E24E1C79BD17001A4003 /* L02_TouchIDUITests.swift */,
				9260E2501C79BD17001A4003 /* Info.plist */,
			);
			path = L02_TouchIDUITests;
			sourceTree = "<group>";
		};
/* End PBXGroup section */

/* Begin PBXNativeTarget section */
		9260E22A1C79BD16001A4003 /* L02_TouchID */ = {
			isa = PBXNativeTarget;
			buildConfigurationList = 9260E2531C79BD17001A4003 /* Build configuration list for PBXNativeTarget "L02_TouchID" */;
			buildPhases = (
				9260E2271C79BD16001A4003 /* Sources */,
				9260E2281C79BD16001A4003 /* Frameworks */,
				9260E2291C79BD16001A4003 /* Resources */,
			);
			buildRules = (
			);
			dependencies = (
			);
			name = L02_TouchID;
			productName = L02_TouchID;
			productReference = 9260E22B1C79BD16001A4003 /* L02_TouchID.app */;
			productType = "com.apple.product-type.application";
		};
		9260E23E1C79BD16001A4003 /* L02_TouchIDTests */ = {
			isa = PBXNativeTarget;
			buildConfigurationList = 9260E2561C79BD17001A4003 /* Build configuration list for PBXNativeTarget "L02_TouchIDTests" */;
			buildPhases = (
				9260E23B1C79BD16001A4003 /* Sources */,
				9260E23C1C79BD16001A4003 /* Frameworks */,
				9260E23D1C79BD16001A4003 /* Resources */,
			);
			buildRules = (
			);
			dependencies = (
				9260E2411C79BD16001A4003 /* PBXTargetDependency */,
			);
			name = L02_TouchIDTests;
			productName = L02_TouchIDTests;
			productReference = 9260E23F1C79BD16001A4003 /* L02_TouchIDTests.xctest */;
			productType = "com.apple.product-type.bundle.unit-test";
		};
		9260E2491C79BD17001A4003 /* L02_TouchIDUITests */ = {
			isa = PBXNativeTarget;
			buildConfigurationList = 9260E2591C79BD17001A4003 /* Build configuration list for PBXNativeTarget "L02_TouchIDUITests" */;
			buildPhases = (
				9260E2461C79BD17001A4003 /* Sources */,
				9260E2471C79BD17001A4003 /* Frameworks */,
				9260E2481C79BD17001A4003 /* Resources */,
			);
			buildRules = (
			);
			dependencies = (
				9260E24C1C79BD17001A4003 /* PBXTargetDependency */,
			);
			name = L02_TouchIDUITests;
			productName = L02_TouchIDUITests;
			productReference = 9260E24A1C79BD17001A4003 /* L02_TouchIDUITests.xctest */;
			productType = "com.apple.product-type.bundle.ui-testing";
		};
/* End PBXNativeTarget section */

/* Begin PBXProject section */
		9260E2231C79BD16001A4003 /* Project object */ = {
			isa = PBXProject;
			attributes = {
				LastSwiftUpdateCheck = 0720;
				LastUpgradeCheck = 0720;
				ORGANIZATIONNAME = Gary.nG;
				TargetAttributes = {
					9260E22A1C79BD16001A4003 = {
						CreatedOnToolsVersion = 7.2.1;
					};
					9260E23E1C79BD16001A4003 = {
						CreatedOnToolsVersion = 7.2.1;
						TestTargetID = 9260E22A1C79BD16001A4003;
					};
					9260E2491C79BD17001A4003 = {
						CreatedOnToolsVersion = 7.2.1;
						TestTargetID = 9260E22A1C79BD16001A4003;
					};
				};
			};
			buildConfigurationList = 9260E2261C79BD16001A4003 /* Build configuration list for PBXProject "L02_TouchID" */;
			compatibilityVersion = "Xcode 3.2";
			developmentRegion = English;
			hasScannedForEncodings = 0;
			knownRegions = (
				en,
				Base,
			);
			mainGroup = 9260E2221C79BD16001A4003;
			productRefGroup = 9260E22C1C79BD16001A4003 /* Products */;
			projectDirPath = "";
			projectRoot = "";
			targets = (
				9260E22A1C79BD16001A4003 /* L02_TouchID */,
				9260E23E1C79BD16001A4003 /* L02_TouchIDTests */,
				9260E2491C79BD17001A4003 /* L02_TouchIDUITests */,
			);
		};
/* End PBXProject section */

/* Begin PBXResourcesBuildPhase section */
		9260E2291C79BD16001A4003 /* Resources */ = {
			isa = PBXResourcesBuildPhase;
			buildActionMask = 2147483647;
			files = (
				9260E2391C79BD16001A4003 /* LaunchScreen.storyboard in Resources */,
				9260E2361C79BD16001A4003 /* Assets.xcassets in Resources */,
				9260E2341C79BD16001A4003 /* Main.storyboard in Resources */,
			);
			runOnlyForDeploymentPostprocessing = 0;
		};
		9260E23D1C79BD16001A4003 /* Resources */ = {
			isa = PBXResourcesBuildPhase;
			buildActionMask = 2147483647;
			files = (
			);
			runOnlyForDeploymentPostprocessing = 0;
		};
		9260E2481C79BD17001A4003 /* Resources */ = {
			isa = PBXResourcesBuildPhase;
			buildActionMask = 2147483647;
			files = (
			);
			runOnlyForDeploymentPostprocessing = 0;
		};
/* End PBXResourcesBuildPhase section */

/* Begin PBXSourcesBuildPhase section */
		9260E2271C79BD16001A4003 /* Sources */ = {
			isa = PBXSourcesBuildPhase;
			buildActionMask = 2147483647;
			files = (
				9260E2311C79BD16001A4003 /* ViewController.swift in Sources */,
				9260E22F1C79BD16001A4003 /* AppDelegate.swift in Sources */,
			);
			runOnlyForDeploymentPostprocessing = 0;
		};
		9260E23B1C79BD16001A4003 /* Sources */ = {
			isa = PBXSourcesBuildPhase;
			buildActionMask = 2147483647;
			files = (
				9260E2441C79BD16001A4003 /* L02_TouchIDTests.swift in Sources */,
			);
			runOnlyForDeploymentPostprocessing = 0;
		};
		9260E2461C79BD17001A4003 /* Sources */ = {
			isa = PBXSourcesBuildPhase;
			buildActionMask = 2147483647;
			files = (
				9260E24F1C79BD17001A4003 /* L02_TouchIDUITests.swift in Sources */,
			);
			runOnlyForDeploymentPostprocessing = 0;
		};
/* End PBXSourcesBuildPhase section */

/* Begin PBXTargetDependency section */
		9260E2411C79BD16001A4003 /* PBXTargetDependency */ = {
			isa = PBXTargetDependency;
			target = 9260E22A1C79BD16001A4003 /* L02_TouchID */;
			targetProxy = 9260E2401C79BD16001A4003 /* PBXContainerItemProxy */;
		};
		9260E24C1C79BD17001A4003 /* PBXTargetDependency */ = {
			isa = PBXTargetDependency;
			target = 9260E22A1C79BD16001A4003 /* L02_TouchID */;
			targetProxy = 9260E24B1C79BD17001A4003 /* PBXContainerItemProxy */;
		};
/* End PBXTargetDependency section */

/* Begin PBXVariantGroup section */
		9260E2321C79BD16001A4003 /* Main.storyboard */ = {
			isa = PBXVariantGroup;
			children = (
				9260E2331C79BD16001A4003 /* Base */,
			);
			name = Main.storyboard;
			sourceTree = "<group>";
		};
		9260E2371C79BD16001A4003 /* LaunchScreen.storyboard */ = {
			isa = PBXVariantGroup;
			children = (
				9260E2381C79BD16001A4003 /* Base */,
			);
			name = LaunchScreen.storyboard;
			sourceTree = "<group>";
		};
/* End PBXVariantGroup section */

/* Begin XCBuildConfiguration section */
		9260E2511C79BD17001A4003 /* Debug */ = {
			isa = XCBuildConfiguration;
			buildSettings = {
				ALWAYS_SEARCH_USER_PATHS = NO;
				CLANG_CXX_LANGUAGE_STANDARD = "gnu++0x";
				CLANG_CXX_LIBRARY = "libc++";
				CLANG_ENABLE_MODULES = YES;
				CLANG_ENABLE_OBJC_ARC = YES;
				CLANG_WARN_BOOL_CONVERSION = YES;
				CLANG_WARN_CONSTANT_CONVERSION = YES;
				CLANG_WARN_DIRECT_OBJC_ISA_USAGE = YES_ERROR;
				CLANG_WARN_EMPTY_BODY = YES;
				CLANG_WARN_ENUM_CONVERSION = YES;
				CLANG_WARN_INT_CONVERSION = YES;
				CLANG_WARN_OBJC_ROOT_CLASS = YES_ERROR;
				CLANG_WARN_UNREACHABLE_CODE = YES;
				CLANG_WARN__DUPLICATE_METHOD_MATCH = YES;
				"CODE_SIGN_IDENTITY[sdk=iphoneos*]" = "iPhone Developer";
				COPY_PHASE_STRIP = NO;
				DEBUG_INFORMATION_FORMAT = dwarf;
				ENABLE_STRICT_OBJC_MSGSEND = YES;
				ENABLE_TESTABILITY = YES;
				GCC_C_LANGUAGE_STANDARD = gnu99;
				GCC_DYNAMIC_NO_PIC = NO;
				GCC_NO_COMMON_BLOCKS = YES;
				GCC_OPTIMIZATION_LEVEL = 0;
				GCC_PREPROCESSOR_DEFINITIONS = (
					"DEBUG=1",
					"$(inherited)",
				);
				GCC_WARN_64_TO_32_BIT_CONVERSION = YES;
				GCC_WARN_ABOUT_RETURN_TYPE = YES_ERROR;
				GCC_WARN_UNDECLARED_SELECTOR = YES;
				GCC_WARN_UNINITIALIZED_AUTOS = YES_AGGRESSIVE;
				GCC_WARN_UNUSED_FUNCTION = YES;
				GCC_WARN_UNUSED_VARIABLE = YES;
				IPHONEOS_DEPLOYMENT_TARGET = 9.2;
				MTL_ENABLE_DEBUG_INFO = YES;
				ONLY_ACTIVE_ARCH = YES;
				SDKROOT = iphoneos;
				SWIFT_OPTIMIZATION_LEVEL = "-Onone";
			};
			name = Debug;
		};
		9260E2521C79BD17001A4003 /* Release */ = {
			isa = XCBuildConfiguration;
			buildSettings = {
				ALWAYS_SEARCH_USER_PATHS = NO;
				CLANG_CXX_LANGUAGE_STANDARD = "gnu++0x";
				CLANG_CXX_LIBRARY = "libc++";
				CLANG_ENABLE_MODULES = YES;
				CLANG_ENABLE_OBJC_ARC = YES;
				CLANG_WARN_BOOL_CONVERSION = YES;
				CLANG_WARN_CONSTANT_CONVERSION = YES;
				CLANG_WARN_DIRECT_OBJC_ISA_USAGE = YES_ERROR;
				CLANG_WARN_EMPTY_BODY = YES;
				CLANG_WARN_ENUM_CONVERSION = YES;
				CLANG_WARN_INT_CONVERSION = YES;
				CLANG_WARN_OBJC_ROOT_CLASS = YES_ERROR;
				CLANG_WARN_UNREACHABLE_CODE = YES;
				CLANG_WARN__DUPLICATE_METHOD_MATCH = YES;
				"CODE_SIGN_IDENTITY[sdk=iphoneos*]" = "iPhone Developer";
				COPY_PHASE_STRIP = NO;
				DEBUG_INFORMATION_FORMAT = "dwarf-with-dsym";
				ENABLE_NS_ASSERTIONS = NO;
				ENABLE_STRICT_OBJC_MSGSEND = YES;
				GCC_C_LANGUAGE_STANDARD = gnu99;
				GCC_NO_COMMON_BLOCKS = YES;
				GCC_WARN_64_TO_32_BIT_CONVERSION = YES;
				GCC_WARN_ABOUT_RETURN_TYPE = YES_ERROR;
				GCC_WARN_UNDECLARED_SELECTOR = YES;
				GCC_WARN_UNINITIALIZED_AUTOS = YES_AGGRESSIVE;
				GCC_WARN_UNUSED_FUNCTION = YES;
				GCC_WARN_UNUSED_VARIABLE = YES;
				IPHONEOS_DEPLOYMENT_TARGET = 9.2;
				MTL_ENABLE_DEBUG_INFO = NO;
				SDKROOT = iphoneos;
				VALIDATE_PRODUCT = YES;
			};
			name = Release;
		};
		9260E2541C79BD17001A4003 /* Debug */ = {
			isa = XCBuildConfiguration;
			buildSettings = {
				ASSETCATALOG_COMPILER_APPICON_NAME = AppIcon;
				INFOPLIST_FILE = L02_TouchID/Info.plist;
				LD_RUNPATH_SEARCH_PATHS = "$(inherited) @executable_path/Frameworks";
				PRODUCT_BUNDLE_IDENTIFIER = "NG.L02-TouchID";
				PRODUCT_NAME = "$(TARGET_NAME)";
			};
			name = Debug;
		};
		9260E2551C79BD17001A4003 /* Release */ = {
			isa = XCBuildConfiguration;
			buildSettings = {
				ASSETCATALOG_COMPILER_APPICON_NAME = AppIcon;
				INFOPLIST_FILE = L02_TouchID/Info.plist;
				LD_RUNPATH_SEARCH_PATHS = "$(inherited) @executable_path/Frameworks";
				PRODUCT_BUNDLE_IDENTIFIER = "NG.L02-TouchID";
				PRODUCT_NAME = "$(TARGET_NAME)";
			};
			name = Release;
		};
		9260E2571C79BD17001A4003 /* Debug */ = {
			isa = XCBuildConfiguration;
			buildSettings = {
				BUNDLE_LOADER = "$(TEST_HOST)";
				INFOPLIST_FILE = L02_TouchIDTests/Info.plist;
				LD_RUNPATH_SEARCH_PATHS = "$(inherited) @executable_path/Frameworks @loader_path/Frameworks";
				PRODUCT_BUNDLE_IDENTIFIER = "NG.L02-TouchIDTests";
				PRODUCT_NAME = "$(TARGET_NAME)";
				TEST_HOST = "$(BUILT_PRODUCTS_DIR)/L02_TouchID.app/L02_TouchID";
			};
			name = Debug;
		};
		9260E2581C79BD17001A4003 /* Release */ = {
			isa = XCBuildConfiguration;
			buildSettings = {
				BUNDLE_LOADER = "$(TEST_HOST)";
				INFOPLIST_FILE = L02_TouchIDTests/Info.plist;
				LD_RUNPATH_SEARCH_PATHS = "$(inherited) @executable_path/Frameworks @loader_path/Frameworks";
				PRODUCT_BUNDLE_IDENTIFIER = "NG.L02-TouchIDTests";
				PRODUCT_NAME = "$(TARGET_NAME)";
				TEST_HOST = "$(BUILT_PRODUCTS_DIR)/L02_TouchID.app/L02_TouchID";
			};
			name = Release;
		};
		9260E25A1C79BD17001A4003 /* Debug */ = {
			isa = XCBuildConfiguration;
			buildSettings = {
				INFOPLIST_FILE = L02_TouchIDUITests/Info.plist;
				LD_RUNPATH_SEARCH_PATHS = "$(inherited) @executable_path/Frameworks @loader_path/Frameworks";
				PRODUCT_BUNDLE_IDENTIFIER = "NG.L02-TouchIDUITests";
				PRODUCT_NAME = "$(TARGET_NAME)";
				TEST_TARGET_NAME = L02_TouchID;
				USES_XCTRUNNER = YES;
			};
			name = Debug;
		};
		9260E25B1C79BD17001A4003 /* Release */ = {
			isa = XCBuildConfiguration;
			buildSettings = {
				INFOPLIST_FILE = L02_TouchIDUITests/Info.plist;
				LD_RUNPATH_SEARCH_PATHS = "$(inherited) @executable_path/Frameworks @loader_path/Frameworks";
				PRODUCT_BUNDLE_IDENTIFIER = "NG.L02-TouchIDUITests";
				PRODUCT_NAME = "$(TARGET_NAME)";
				TEST_TARGET_NAME = L02_TouchID;
				USES_XCTRUNNER = YES;
			};
			name = Release;
		};
/* End XCBuildConfiguration section */

/* Begin XCConfigurationList section */
		9260E2261C79BD16001A4003 /* Build configuration list for PBXProject "L02_TouchID" */ = {
			isa = XCConfigurationList;
			buildConfigurations = (
				9260E2511C79BD17001A4003 /* Debug */,
				9260E2521C79BD17001A4003 /* Release */,
			);
			defaultConfigurationIsVisible = 0;
			defaultConfigurationName = Release;
		};
		9260E2531C79BD17001A4003 /* Build configuration list for PBXNativeTarget "L02_TouchID" */ = {
			isa = XCConfigurationList;
			buildConfigurations = (
				9260E2541C79BD17001A4003 /* Debug */,
				9260E2551C79BD17001A4003 /* Release */,
			);
			defaultConfigurationIsVisible = 0;
		};
		9260E2561C79BD17001A4003 /* Build configuration list for PBXNativeTarget "L02_TouchIDTests" */ = {
			isa = XCConfigurationList;
			buildConfigurations = (
				9260E2571C79BD17001A4003 /* Debug */,
				9260E2581C79BD17001A4003 /* Release */,
			);
			defaultConfigurationIsVisible = 0;
		};
		9260E2591C79BD17001A4003 /* Build configuration list for PBXNativeTarget "L02_TouchIDUITests" */ = {
			isa = XCConfigurationList;
			buildConfigurations = (
				9260E25A1C79BD17001A4003 /* Debug */,
				9260E25B1C79BD17001A4003 /* Release */,
			);
			defaultConfigurationIsVisible = 0;
		};
/* End XCConfigurationList section */
	};
	rootObject = 9260E2231C79BD16001A4003 /* Project object */;
}
